
Microsoft Visual Studio Solution File, Format Version 12.00
# Visual Studio Version 16
VisualStudioVersion = 16.0.31829.152
MinimumVisualStudioVersion = 10.0.40219.1
Project("{FAE04EC0-301F-11D3-BF4B-00C04F79EFBC}") = "Mahamining_e-Auction", "Mahamining_e-Auction\Mahamining_e-Auction.csproj", "{88B1E6E8-F38C-4CEF-B733-265FC5C16719}"
EndProject
Global
	GlobalSection(SolutionConfigurationPlatforms) = preSolution
		Debug|Any CPU = Debug|Any CPU
		Release|Any CPU = Release|Any CPU
	EndGlobalSection
	GlobalSection(ProjectConfigurationPlatforms) = postSolution
		{88B1E6E8-F38C-4CEF-B733-265FC5C16719}.Debug|Any CPU.ActiveCfg = Debug|Any CPU
		{88B1E6E8-F38C-4CEF-B733-265FC5C16719}.Debug|Any CPU.Build.0 = Debug|Any CPU
		{88B1E6E8-F38C-4CEF-B733-265FC5C16719}.Release|Any CPU.ActiveCfg = Release|Any CPU
		{88B1E6E8-F38C-4CEF-B733-265FC5C16719}.Release|Any CPU.Build.0 = Release|Any CPU
	EndGlobalSection
	GlobalSection(SolutionProperties) = preSolution
		HideSolutionNode = FALSE
	EndGlobalSection
	GlobalSection(ExtensibilityGlobals) = postSolution
		SolutionGuid = {49506733-250E-47E8-8E78-7EABCB744BA4}
	EndGlobalSection
EndGlobal
